
Microsoft Visual Studio Solution File, Format Version 12.00
# Visual Studio 15
VisualStudioVersion = 15.0.28307.136
MinimumVisualStudioVersion = 10.0.40219.1
Project("{FAE04EC0-301F-11D3-BF4B-00C04F79EFBC}") = "DischargeAssistant", "DischargeAssistantUI\DischargeAssistant.csproj", "{75C30525-DBE8-499A-A6BB-2DAD2F2AED37}"
EndProject
Project("{FAE04EC0-301F-11D3-BF4B-00C04F79EFBC}") = "ClassLibrary", "ClassLibrary\ClassLibrary\ClassLibrary.csproj", "{ECD00F91-DC25-4D3C-B0F6-C48972365570}"
EndProject
Global
	GlobalSection(SolutionConfigurationPlatforms) = preSolution
		Debug|Any CPU = Debug|Any CPU
		Release|Any CPU = Release|Any CPU
	EndGlobalSection
	GlobalSection(ProjectConfigurationPlatforms) = postSolution
		{75C30525-DBE8-499A-A6BB-2DAD2F2AED37}.Debug|Any CPU.ActiveCfg = Debug|Any CPU
		{75C30525-DBE8-499A-A6BB-2DAD2F2AED37}.Debug|Any CPU.Build.0 = Debug|Any CPU
		{75C30525-DBE8-499A-A6BB-2DAD2F2AED37}.Release|Any CPU.ActiveCfg = Release|Any CPU
		{75C30525-DBE8-499A-A6BB-2DAD2F2AED37}.Release|Any CPU.Build.0 = Release|Any CPU
		{ECD00F91-DC25-4D3C-B0F6-C48972365570}.Debug|Any CPU.ActiveCfg = Debug|Any CPU
		{ECD00F91-DC25-4D3C-B0F6-C48972365570}.Debug|Any CPU.Build.0 = Debug|Any CPU
		{ECD00F91-DC25-4D3C-B0F6-C48972365570}.Release|Any CPU.ActiveCfg = Release|Any CPU
		{ECD00F91-DC25-4D3C-B0F6-C48972365570}.Release|Any CPU.Build.0 = Release|Any CPU
	EndGlobalSection
	GlobalSection(SolutionProperties) = preSolution
		HideSolutionNode = FALSE
	EndGlobalSection
	GlobalSection(ExtensibilityGlobals) = postSolution
		SolutionGuid = {B147D0DC-FAEB-4550-A658-53326C15687A}
	EndGlobalSection
EndGlobal
